
Microsoft Visual Studio Solution File, Format Version 12.00
# Visual Studio Version 17
VisualStudioVersion = 17.14.36429.23
MinimumVisualStudioVersion = 10.0.40219.1
Project("{FAE04EC0-301F-11D3-BF4B-00C04F79EFBC}") = "Server", "Q11_hoangbsthe186345\Server.csproj", "{F89C5AA7-ED8D-5DD5-6F23-2DBC770F1BF7}"
EndProject
Project("{FAE04EC0-301F-11D3-BF4B-00C04F79EFBC}") = "Client", "Q12_hoangbsthe186345\Client.csproj", "{A0780D03-663D-327D-1CC7-C9052F117C83}"
EndProject
Global
	GlobalSection(SolutionConfigurationPlatforms) = preSolution
		Debug|Any CPU = Debug|Any CPU
		Release|Any CPU = Release|Any CPU
	EndGlobalSection
	GlobalSection(ProjectConfigurationPlatforms) = postSolution
		{F89C5AA7-ED8D-5DD5-6F23-2DBC770F1BF7}.Debug|Any CPU.ActiveCfg = Debug|Any CPU
		{F89C5AA7-ED8D-5DD5-6F23-2DBC770F1BF7}.Debug|Any CPU.Build.0 = Debug|Any CPU
		{F89C5AA7-ED8D-5DD5-6F23-2DBC770F1BF7}.Release|Any CPU.ActiveCfg = Release|Any CPU
		{F89C5AA7-ED8D-5DD5-6F23-2DBC770F1BF7}.Release|Any CPU.Build.0 = Release|Any CPU
		{A0780D03-663D-327D-1CC7-C9052F117C83}.Debug|Any CPU.ActiveCfg = Debug|Any CPU
		{A0780D03-663D-327D-1CC7-C9052F117C83}.Debug|Any CPU.Build.0 = Debug|Any CPU
		{A0780D03-663D-327D-1CC7-C9052F117C83}.Release|Any CPU.ActiveCfg = Release|Any CPU
		{A0780D03-663D-327D-1CC7-C9052F117C83}.Release|Any CPU.Build.0 = Release|Any CPU
	EndGlobalSection
	GlobalSection(SolutionProperties) = preSolution
		HideSolutionNode = FALSE
	EndGlobalSection
	GlobalSection(ExtensibilityGlobals) = postSolution
		SolutionGuid = {C5673E8F-BD70-4117-8786-952ED00AD810}
	EndGlobalSection
EndGlobal
